{
    
"name": "test",
    
"lockfileVersion": 2,
    
"requires": true,
    
"packages": {
    
    
"": {
    
    
    
"devDependencies": {
    
    
    
    
"cargo": "^0.8.0"
    
    
    
}
    
    
},
    
    
"node_modules/cargo": {
    
    
    
"version": "0.8.0",
    
    
    
"resolved": "https://registry.npmjs.org/cargo/-/cargo-0.8.0.tgz",
    
    
    
"integrity": "sha1-rw6wz5czBXy//+Wda/v50Ok+RJU=",
    
    
    
"dev": true
    
    
}
    
},
    
"dependencies": {
    
    
"cargo": {
    
    
    
"version": "0.8.0",
    
    
    
"resolved": "https://registry.npmjs.org/cargo/-/cargo-0.8.0.tgz",
    
    
    
"integrity": "sha1-rw6wz5czBXy//+Wda/v50Ok+RJU=",
    
    
    
"dev": true
    
    
}
    
}
}
